
Microsoft Visual Studio Solution File, Format Version 12.00
# Visual Studio Version 16
VisualStudioVersion = 16.0.31005.135
MinimumVisualStudioVersion = 10.0.40219.1
Project("{FAE04EC0-301F-11D3-BF4B-00C04F79EFBC}") = "KrispyKreme", "KrispyKreme\KrispyKreme.csproj", "{D60348A2-E2CA-4F77-84D7-402E9CA84921}"
	ProjectSection(ProjectDependencies) = postProject
		{96A46085-D8E9-412E-BB57-0A98BB7036F7} = {96A46085-D8E9-412E-BB57-0A98BB7036F7}
	EndProjectSection
EndProject
Project("{E24C65DC-7377-472B-9ABA-BC803B73C61A}") = "KrispyService", "KrispyService\", "{96A46085-D8E9-412E-BB57-0A98BB7036F7}"
	ProjectSection(WebsiteProperties) = preProject
		TargetFrameworkMoniker = ".NETFramework,Version%3Dv4.7.2"
		Debug.AspNetCompiler.VirtualPath = "/localhost_52795"
		Debug.AspNetCompiler.PhysicalPath = "KrispyService\"
		Debug.AspNetCompiler.TargetPath = "PrecompiledWeb\localhost_52795\"
		Debug.AspNetCompiler.Updateable = "true"
		Debug.AspNetCompiler.ForceOverwrite = "true"
		Debug.AspNetCompiler.FixedNames = "false"
		Debug.AspNetCompiler.Debug = "True"
		Release.AspNetCompiler.VirtualPath = "/localhost_52795"
		Release.AspNetCompiler.PhysicalPath = "KrispyService\"
		Release.AspNetCompiler.TargetPath = "PrecompiledWeb\localhost_52795\"
		Release.AspNetCompiler.Updateable = "true"
		Release.AspNetCompiler.ForceOverwrite = "true"
		Release.AspNetCompiler.FixedNames = "false"
		Release.AspNetCompiler.Debug = "False"
		VWDPort = "52795"
		SlnRelativePath = "KrispyService\"
		DefaultWebSiteLanguage = "Visual C#"
	EndProjectSection
EndProject
Global
	GlobalSection(SolutionConfigurationPlatforms) = preSolution
		Debug|Any CPU = Debug|Any CPU
		Release|Any CPU = Release|Any CPU
	EndGlobalSection
	GlobalSection(ProjectConfigurationPlatforms) = postSolution
		{D60348A2-E2CA-4F77-84D7-402E9CA84921}.Debug|Any CPU.ActiveCfg = Debug|Any CPU
		{D60348A2-E2CA-4F77-84D7-402E9CA84921}.Debug|Any CPU.Build.0 = Debug|Any CPU
		{D60348A2-E2CA-4F77-84D7-402E9CA84921}.Release|Any CPU.ActiveCfg = Release|Any CPU
		{D60348A2-E2CA-4F77-84D7-402E9CA84921}.Release|Any CPU.Build.0 = Release|Any CPU
		{96A46085-D8E9-412E-BB57-0A98BB7036F7}.Debug|Any CPU.ActiveCfg = Debug|Any CPU
		{96A46085-D8E9-412E-BB57-0A98BB7036F7}.Debug|Any CPU.Build.0 = Debug|Any CPU
		{96A46085-D8E9-412E-BB57-0A98BB7036F7}.Release|Any CPU.ActiveCfg = Debug|Any CPU
		{96A46085-D8E9-412E-BB57-0A98BB7036F7}.Release|Any CPU.Build.0 = Debug|Any CPU
	EndGlobalSection
	GlobalSection(SolutionProperties) = preSolution
		HideSolutionNode = FALSE
	EndGlobalSection
	GlobalSection(ExtensibilityGlobals) = postSolution
		SolutionGuid = {F5BC06BA-CB1D-4BC3-89C2-71895AC4F955}
	EndGlobalSection
EndGlobal
